<?xml version="1.0" encoding="utf-8"?>
<Project ToolsVersion="4.0" xmlns="http://schemas.microsoft.com/developer/msbuild/2003">
  <ItemGroup>
    <Filter Include="Source Files">
      <UniqueIdentifier>{4FC737F1-C7A5-4376-A066-2A32D752A2FF}</UniqueIdentifier>
      <Extensions>cpp;c;cc;cxx;def;odl;idl;hpj;bat;asm;asmx</Extensions>
    </Filter>
    <Filter Include="Header Files">
      <UniqueIdentifier>{93995380-89BD-4b04-88EB-625FBE52EBFB}</UniqueIdentifier>
      <Extensions>h;hh;hpp;hxx;hm;inl;inc;ipp;xsd</Extensions>
    </Filter>
    <Filter Include="Resource Files">
      <UniqueIdentifier>{67DA6AB6-F800-4c08-8B7A-83BB121AAD01}</UniqueIdentifier>
      <Extensions>rc;ico;cur;bmp;dlg;rc2;rct;bin;rgs;gif;jpg;jpeg;jpe;resx;tiff;tif;png;wav;mfcribbon-ms</Extensions>
    </Filter>
    <Filter Include="3rd party">
      <UniqueIdentifier>{3454d6e2-1bf1-44c7-8b36-3e6e710dddbd}</UniqueIdentifier>
    </Filter>
    <Filter Include="3rd party\ImGUI">
      <UniqueIdentifier>{a9926665-5622-4d07-bf0f-c4ef7c8f98a5}</UniqueIdentifier>
    </Filter>
    <Filter Include="Shaders">
      <UniqueIdentifier>{840833d8-62dc-4ecf-a28d-ca7ad5f61f42}</UniqueIdentifier>
    </Filter>
    <Filter Include="3rd party\Tinyobjloader">
      <UniqueIdentifier>{59546d9f-8c49-42ff-b5ea-1964b85ddafc}</UniqueIdentifier>
    </Filter>
    <Filter Include="3rd party\LodePNG">
      <UniqueIdentifier>{2760d433-85d5-483a-b699-1f7cba95d784}</UniqueIdentifier>
    </Filter>
    <Filter Include="3rd party\SBVH">
      <UniqueIdentifier>{775c03f0-5331-4167-b6d1-e39d62a4c00f}</UniqueIdentifier>
    </Filter>
  </ItemGroup>
  <ItemGroup>
    <ClCompile Include="Source\Camera.cpp">
      <Filter>Source Files</Filter>
    </ClCompile>
    <ClCompile Include="Source\Input.cpp">
      <Filter>Source Files</Filter>
    </ClCompile>
    <ClCompile Include="Source\main.cpp">
      <Filter>Source Files</Filter>
    </ClCompile>
    <ClCompile Include="Source\Renderer.cpp">
      <Filter>Source Files</Filter>
    </ClCompile>
    <ClCompile Include="Source\Window.cpp">
      <Filter>Source Files</Filter>
    </ClCompile>
    <ClCompile Include="Include\ImGUI\imgui.cpp">
      <Filter>3rd party\ImGUI</Filter>
    </ClCompile>
    <ClCompile Include="Include\ImGUI\imgui_widgets.cpp">
      <Filter>3rd party\ImGUI</Filter>
    </ClCompile>
    <ClCompile Include="Include\ImGUI\imgui_impl_dx11.cpp">
      <Filter>3rd party\ImGUI</Filter>
    </ClCompile>
    <ClCompile Include="Include\ImGUI\imgui_impl_win32.cpp">
      <Filter>3rd party\ImGUI</Filter>
    </ClCompile>
    <ClCompile Include="Source\Logic.cpp">
      <Filter>Source Files</Filter>
    </ClCompile>
    <ClCompile Include="Source\Message.cpp">
      <Filter>Source Files</Filter>
    </ClCompile>
    <ClCompile Include="Source\Model.cpp">
      <Filter>Source Files</Filter>
    </ClCompile>
    <ClCompile Include="Include\ImGUI\imgui_draw.cpp">
      <Filter>3rd party\ImGUI</Filter>
    </ClCompile>
    <ClCompile Include="Source\D3D.cpp">
      <Filter>Source Files</Filter>
    </ClCompile>
    <ClCompile Include="Include\lodepng\lodepng.cpp">
      <Filter>3rd party\LodePNG</Filter>
    </ClCompile>
    <ClCompile Include="Source\BVHWrapper.cpp">
      <Filter>Source Files</Filter>
    </ClCompile>
    <ClCompile Include="Include\SBVH\BVH.cpp">
      <Filter>3rd party\SBVH</Filter>
    </ClCompile>
    <ClCompile Include="Include\SBVH\BVHNode.cpp">
      <Filter>3rd party\SBVH</Filter>
    </ClCompile>
    <ClCompile Include="Include\SBVH\Sort.cpp">
      <Filter>3rd party\SBVH</Filter>
    </ClCompile>
    <ClCompile Include="Include\SBVH\SplitBVHBuilder.cpp">
      <Filter>3rd party\SBVH</Filter>
    </ClCompile>
    <ClCompile Include="Include\SBVH\Timer.cpp">
      <Filter>3rd party\SBVH</Filter>
    </ClCompile>
    <ClCompile Include="Include\SBVH\Util.cpp">
      <Filter>3rd party\SBVH</Filter>
    </ClCompile>
    <ClCompile Include="Source\LensDatabase.cpp">
      <Filter>Source Files</Filter>
    </ClCompile>
    <ClCompile Include="Source\Ray.cpp">
      <Filter>Source Files</Filter>
    </ClCompile>
    <ClCompile Include="Source\Lens.cpp">
      <Filter>Source Files</Filter>
    </ClCompile>
  </ItemGroup>
  <ItemGroup>
    <ClInclude Include="Include\Camera.hpp">
      <Filter>Header Files</Filter>
    </ClInclude>
    <ClInclude Include="Include\Constants.hpp">
      <Filter>Header Files</Filter>
    </ClInclude>
    <ClInclude Include="Include\Renderer.hpp">
      <Filter>Header Files</Filter>
    </ClInclude>
    <ClInclude Include="Include\UniqueDX11.hpp">
      <Filter>Header Files</Filter>
    </ClInclude>
    <ClInclude Include="Include\Util.hpp">
      <Filter>Header Files</Filter>
    </ClInclude>
    <ClInclude Include="Include\Window.hpp">
      <Filter>Header Files</Filter>
    </ClInclude>
    <ClInclude Include="Include\ImGUI\imgui.h">
      <Filter>3rd party\ImGUI</Filter>
    </ClInclude>
    <ClInclude Include="Include\ImGUI\imconfig.h">
      <Filter>3rd party\ImGUI</Filter>
    </ClInclude>
    <ClInclude Include="Include\ImGUI\imgui_internal.h">
      <Filter>3rd party\ImGUI</Filter>
    </ClInclude>
    <ClInclude Include="Include\ImGUI\imstb_rectpack.h">
      <Filter>3rd party\ImGUI</Filter>
    </ClInclude>
    <ClInclude Include="Include\ImGUI\imstb_textedit.h">
      <Filter>3rd party\ImGUI</Filter>
    </ClInclude>
    <ClInclude Include="Include\ImGUI\imstb_truetype.h">
      <Filter>3rd party\ImGUI</Filter>
    </ClInclude>
    <ClInclude Include="Include\ImGUI\imgui_impl_dx11.h">
      <Filter>3rd party\ImGUI</Filter>
    </ClInclude>
    <ClInclude Include="Include\ImGUI\imgui_impl_win32.h">
      <Filter>3rd party\ImGUI</Filter>
    </ClInclude>
    <ClInclude Include="Include\Input.hpp">
      <Filter>Header Files</Filter>
    </ClInclude>
    <ClInclude Include="Include\Logic.hpp">
      <Filter>Header Files</Filter>
    </ClInclude>
    <ClInclude Include="Include\Message.hpp">
      <Filter>Header Files</Filter>
    </ClInclude>
    <ClInclude Include="Include\RingBuffer.hpp">
      <Filter>Header Files</Filter>
    </ClInclude>
    <ClInclude Include="Include\Model.hpp">
      <Filter>Header Files</Filter>
    </ClInclude>
    <ClInclude Include="Include\D3D.hpp">
      <Filter>Header Files</Filter>
    </ClInclude>
    <ClInclude Include="Source\D3D.inl">
      <Filter>Header Files</Filter>
    </ClInclude>
    <ClInclude Include="Include\tinyobjloader\tiny_obj_loader.h">
      <Filter>3rd party\Tinyobjloader</Filter>
    </ClInclude>
    <ClInclude Include="Include\lodepng\lodepng.h">
      <Filter>3rd party\LodePNG</Filter>
    </ClInclude>
    <ClInclude Include="Include\BVHWrapper.hpp">
      <Filter>Header Files</Filter>
    </ClInclude>
    <ClInclude Include="Include\SBVH\Array.h">
      <Filter>3rd party\SBVH</Filter>
    </ClInclude>
    <ClInclude Include="Include\SBVH\BVH.h">
      <Filter>3rd party\SBVH</Filter>
    </ClInclude>
    <ClInclude Include="Include\SBVH\BVHNode.h">
      <Filter>3rd party\SBVH</Filter>
    </ClInclude>
    <ClInclude Include="Include\SBVH\GPUScene.h">
      <Filter>3rd party\SBVH</Filter>
    </ClInclude>
    <ClInclude Include="Include\SBVH\linear_math.h">
      <Filter>3rd party\SBVH</Filter>
    </ClInclude>
    <ClInclude Include="Include\SBVH\Sort.h">
      <Filter>3rd party\SBVH</Filter>
    </ClInclude>
    <ClInclude Include="Include\SBVH\SplitBVHBuilder.h">
      <Filter>3rd party\SBVH</Filter>
    </ClInclude>
    <ClInclude Include="Include\SBVH\Timer.h">
      <Filter>3rd party\SBVH</Filter>
    </ClInclude>
    <ClInclude Include="Include\SBVH\Util.h">
      <Filter>3rd party\SBVH</Filter>
    </ClInclude>
    <ClInclude Include="Include\Ray.hpp">
      <Filter>Header Files</Filter>
    </ClInclude>
    <ClInclude Include="Include\Lens.hpp">
      <Filter>Header Files</Filter>
    </ClInclude>
  </ItemGroup>
  <ItemGroup>
    <FxCompile Include="Assets\Shaders\pixel.hlsl">
      <Filter>Shaders</Filter>
    </FxCompile>
    <FxCompile Include="Assets\Shaders\vertex.hlsl">
      <Filter>Shaders</Filter>
    </FxCompile>
    <FxCompile Include="Assets\Shaders\raytrace.hlsl">
      <Filter>Shaders</Filter>
    </FxCompile>
  </ItemGroup>
  <ItemGroup>
    <None Include="Include\LensDatabase.hpp">
      <Filter>Header Files</Filter>
    </None>
  </ItemGroup>
</Project>